
Microsoft Visual Studio Solution File, Format Version 12.00
# Visual Studio Version 16
VisualStudioVersion = 16.0.30621.155
MinimumVisualStudioVersion = 10.0.40219.1
Project("{FAE04EC0-301F-11D3-BF4B-00C04F79EFBC}") = "Terminal", "Terminal.csproj", "{5D72F6F7-3CA3-4E9D-B4FA-4CEE9F71FE7C}"
EndProject
Project("{FAE04EC0-301F-11D3-BF4B-00C04F79EFBC}") = "ConsoleLib", "..\ConsoleLib\ConsoleLib.csproj", "{0E0DA24C-04EA-4B13-8586-F7E3B7DE8BD5}"
EndProject
Project("{FAE04EC0-301F-11D3-BF4B-00C04F79EFBC}") = "ProcessLib", "..\ProcessLib\ProcessLib.csproj", "{FA578469-F3FA-4F44-BD94-81C1E759E56C}"
EndProject
Project("{FAE04EC0-301F-11D3-BF4B-00C04F79EFBC}") = "DispatcherLib", "..\DispatcherLib\DispatcherLib.csproj", "{635F89A0-FBB9-410A-95D6-41B72AF1A690}"
EndProject
Global
	GlobalSection(SolutionConfigurationPlatforms) = preSolution
		Debug|Any CPU = Debug|Any CPU
		Release|Any CPU = Release|Any CPU
	EndGlobalSection
	GlobalSection(ProjectConfigurationPlatforms) = postSolution
		{5D72F6F7-3CA3-4E9D-B4FA-4CEE9F71FE7C}.Debug|Any CPU.ActiveCfg = Debug|Any CPU
		{5D72F6F7-3CA3-4E9D-B4FA-4CEE9F71FE7C}.Debug|Any CPU.Build.0 = Debug|Any CPU
		{5D72F6F7-3CA3-4E9D-B4FA-4CEE9F71FE7C}.Release|Any CPU.ActiveCfg = Release|Any CPU
		{5D72F6F7-3CA3-4E9D-B4FA-4CEE9F71FE7C}.Release|Any CPU.Build.0 = Release|Any CPU
		{0E0DA24C-04EA-4B13-8586-F7E3B7DE8BD5}.Debug|Any CPU.ActiveCfg = Debug|Any CPU
		{0E0DA24C-04EA-4B13-8586-F7E3B7DE8BD5}.Debug|Any CPU.Build.0 = Debug|Any CPU
		{0E0DA24C-04EA-4B13-8586-F7E3B7DE8BD5}.Release|Any CPU.ActiveCfg = Release|Any CPU
		{0E0DA24C-04EA-4B13-8586-F7E3B7DE8BD5}.Release|Any CPU.Build.0 = Release|Any CPU
		{FA578469-F3FA-4F44-BD94-81C1E759E56C}.Debug|Any CPU.ActiveCfg = Debug|Any CPU
		{FA578469-F3FA-4F44-BD94-81C1E759E56C}.Debug|Any CPU.Build.0 = Debug|Any CPU
		{FA578469-F3FA-4F44-BD94-81C1E759E56C}.Release|Any CPU.ActiveCfg = Release|Any CPU
		{FA578469-F3FA-4F44-BD94-81C1E759E56C}.Release|Any CPU.Build.0 = Release|Any CPU
		{635F89A0-FBB9-410A-95D6-41B72AF1A690}.Debug|Any CPU.ActiveCfg = Debug|Any CPU
		{635F89A0-FBB9-410A-95D6-41B72AF1A690}.Debug|Any CPU.Build.0 = Debug|Any CPU
		{635F89A0-FBB9-410A-95D6-41B72AF1A690}.Release|Any CPU.ActiveCfg = Release|Any CPU
		{635F89A0-FBB9-410A-95D6-41B72AF1A690}.Release|Any CPU.Build.0 = Release|Any CPU
	EndGlobalSection
	GlobalSection(SolutionProperties) = preSolution
		HideSolutionNode = FALSE
	EndGlobalSection
	GlobalSection(ExtensibilityGlobals) = postSolution
		SolutionGuid = {D83E9AAB-1659-4148-A235-DC9471C9C7DA}
	EndGlobalSection
EndGlobal
