
Microsoft Visual Studio Solution File, Format Version 12.00
# Visual Studio Version 16
VisualStudioVersion = 16.0.30621.155
MinimumVisualStudioVersion = 10.0.40219.1
Project("{FAE04EC0-301F-11D3-BF4B-00C04F79EFBC}") = "Terminal", "Terminal.csproj", "{5D72F6F7-3CA3-4E9D-B4FA-4CEE9F71FE7C}"
EndProject
Global
	GlobalSection(SolutionConfigurationPlatforms) = preSolution
		Debug|Any CPU = Debug|Any CPU
		Release|Any CPU = Release|Any CPU
	EndGlobalSection
	GlobalSection(ProjectConfigurationPlatforms) = postSolution
		{5D72F6F7-3CA3-4E9D-B4FA-4CEE9F71FE7C}.Debug|Any CPU.ActiveCfg = Debug|Any CPU
		{5D72F6F7-3CA3-4E9D-B4FA-4CEE9F71FE7C}.Debug|Any CPU.Build.0 = Debug|Any CPU
		{5D72F6F7-3CA3-4E9D-B4FA-4CEE9F71FE7C}.Release|Any CPU.ActiveCfg = Release|Any CPU
		{5D72F6F7-3CA3-4E9D-B4FA-4CEE9F71FE7C}.Release|Any CPU.Build.0 = Release|Any CPU
	EndGlobalSection
	GlobalSection(SolutionProperties) = preSolution
		HideSolutionNode = FALSE
	EndGlobalSection
	GlobalSection(ExtensibilityGlobals) = postSolution
		SolutionGuid = {D83E9AAB-1659-4148-A235-DC9471C9C7DA}
	EndGlobalSection
EndGlobal
